
Microsoft Visual Studio Solution File, Format Version 12.00
Project("{FAE04EC0-301F-11D3-BF4B-00C04F79EFBC}") = "ManifestHub", "ManifestHub.csproj", "{F5CA3EEA-E967-4F1D-8DEA-911BAF94B285}"
EndProject
Project("{FAE04EC0-301F-11D3-BF4B-00C04F79EFBC}") = "SteamKit2", "SteamKit\SteamKit2\SteamKit2\SteamKit2.csproj", "{4B2B0365-DE37-4B65-B614-3E4E7C05147D}"
EndProject
Global
	GlobalSection(SolutionConfigurationPlatforms) = preSolution
		Debug|Any CPU = Debug|Any CPU
		Release|Any CPU = Release|Any CPU
	EndGlobalSection
	GlobalSection(ProjectConfigurationPlatforms) = postSolution
		{F5CA3EEA-E967-4F1D-8DEA-911BAF94B285}.Debug|Any CPU.ActiveCfg = Debug|Any CPU
		{F5CA3EEA-E967-4F1D-8DEA-911BAF94B285}.Debug|Any CPU.Build.0 = Debug|Any CPU
		{F5CA3EEA-E967-4F1D-8DEA-911BAF94B285}.Release|Any CPU.ActiveCfg = Release|Any CPU
		{F5CA3EEA-E967-4F1D-8DEA-911BAF94B285}.Release|Any CPU.Build.0 = Release|Any CPU
		{4B2B0365-DE37-4B65-B614-3E4E7C05147D}.Debug|Any CPU.ActiveCfg = Debug|Any CPU
		{4B2B0365-DE37-4B65-B614-3E4E7C05147D}.Debug|Any CPU.Build.0 = Debug|Any CPU
		{4B2B0365-DE37-4B65-B614-3E4E7C05147D}.Release|Any CPU.ActiveCfg = Release|Any CPU
		{4B2B0365-DE37-4B65-B614-3E4E7C05147D}.Release|Any CPU.Build.0 = Release|Any CPU
	EndGlobalSection
EndGlobal
